
Microsoft Visual Studio Solution File, Format Version 12.00
# Visual Studio 14
VisualStudioVersion = 14.0.25123.0
MinimumVisualStudioVersion = 10.0.40219.1
Project("{FAE04EC0-301F-11D3-BF4B-00C04F79EFBC}") = "Web", "Web\Web.csproj", "{716E1740-75F8-411F-B7F5-9C28FAD0CEE3}"
EndProject
Project("{FAE04EC0-301F-11D3-BF4B-00C04F79EFBC}") = "WebAPI", "WebAPI\WebAPI.csproj", "{870E62E7-B513-4BD4-B7F5-9FA7F6DF68DC}"
EndProject
Project("{FAE04EC0-301F-11D3-BF4B-00C04F79EFBC}") = "Model", "Model\Model.csproj", "{4EE45A30-D581-4A4B-BB8A-12ABC765C1D1}"
EndProject
Project("{FAE04EC0-301F-11D3-BF4B-00C04F79EFBC}") = "DataAccess", "DataAccess\DataAccess.csproj", "{E6453624-58F0-4E71-A16B-DC3A0F634E5D}"
EndProject
Global
	GlobalSection(SolutionConfigurationPlatforms) = preSolution
		Debug|Any CPU = Debug|Any CPU
		Release|Any CPU = Release|Any CPU
	EndGlobalSection
	GlobalSection(ProjectConfigurationPlatforms) = postSolution
		{716E1740-75F8-411F-B7F5-9C28FAD0CEE3}.Debug|Any CPU.ActiveCfg = Debug|Any CPU
		{716E1740-75F8-411F-B7F5-9C28FAD0CEE3}.Debug|Any CPU.Build.0 = Debug|Any CPU
		{716E1740-75F8-411F-B7F5-9C28FAD0CEE3}.Release|Any CPU.ActiveCfg = Release|Any CPU
		{716E1740-75F8-411F-B7F5-9C28FAD0CEE3}.Release|Any CPU.Build.0 = Release|Any CPU
		{870E62E7-B513-4BD4-B7F5-9FA7F6DF68DC}.Debug|Any CPU.ActiveCfg = Debug|Any CPU
		{870E62E7-B513-4BD4-B7F5-9FA7F6DF68DC}.Debug|Any CPU.Build.0 = Debug|Any CPU
		{870E62E7-B513-4BD4-B7F5-9FA7F6DF68DC}.Release|Any CPU.ActiveCfg = Release|Any CPU
		{870E62E7-B513-4BD4-B7F5-9FA7F6DF68DC}.Release|Any CPU.Build.0 = Release|Any CPU
		{4EE45A30-D581-4A4B-BB8A-12ABC765C1D1}.Debug|Any CPU.ActiveCfg = Debug|Any CPU
		{4EE45A30-D581-4A4B-BB8A-12ABC765C1D1}.Debug|Any CPU.Build.0 = Debug|Any CPU
		{4EE45A30-D581-4A4B-BB8A-12ABC765C1D1}.Release|Any CPU.ActiveCfg = Release|Any CPU
		{4EE45A30-D581-4A4B-BB8A-12ABC765C1D1}.Release|Any CPU.Build.0 = Release|Any CPU
		{E6453624-58F0-4E71-A16B-DC3A0F634E5D}.Debug|Any CPU.ActiveCfg = Debug|Any CPU
		{E6453624-58F0-4E71-A16B-DC3A0F634E5D}.Debug|Any CPU.Build.0 = Debug|Any CPU
		{E6453624-58F0-4E71-A16B-DC3A0F634E5D}.Release|Any CPU.ActiveCfg = Release|Any CPU
		{E6453624-58F0-4E71-A16B-DC3A0F634E5D}.Release|Any CPU.Build.0 = Release|Any CPU
	EndGlobalSection
	GlobalSection(SolutionProperties) = preSolution
		HideSolutionNode = FALSE
	EndGlobalSection
EndGlobal
